
Microsoft Visual Studio Solution File, Format Version 12.00
# Visual Studio Version 16
VisualStudioVersion = 16.0.32002.261
MinimumVisualStudioVersion = 10.0.40219.1
Project("{FAE04EC0-301F-11D3-BF4B-00C04F79EFBC}") = "Museo", "Museo\Museo.csproj", "{C7DE9C3F-28F5-4E15-B6F4-5DBD268EBEDD}"
	ProjectSection(ProjectDependencies) = postProject
		{FE657967-CBA2-4827-AB38-9C2DD303C597} = {FE657967-CBA2-4827-AB38-9C2DD303C597}
	EndProjectSection
EndProject
Project("{FAE04EC0-301F-11D3-BF4B-00C04F79EFBC}") = "MuseoLibrary", "MuseoLibrary\MuseoLibrary.csproj", "{FE657967-CBA2-4827-AB38-9C2DD303C597}"
EndProject
Global
	GlobalSection(SolutionConfigurationPlatforms) = preSolution
		Debug|Any CPU = Debug|Any CPU
		Release|Any CPU = Release|Any CPU
	EndGlobalSection
	GlobalSection(ProjectConfigurationPlatforms) = postSolution
		{C7DE9C3F-28F5-4E15-B6F4-5DBD268EBEDD}.Debug|Any CPU.ActiveCfg = Debug|Any CPU
		{C7DE9C3F-28F5-4E15-B6F4-5DBD268EBEDD}.Debug|Any CPU.Build.0 = Debug|Any CPU
		{C7DE9C3F-28F5-4E15-B6F4-5DBD268EBEDD}.Release|Any CPU.ActiveCfg = Release|Any CPU
		{C7DE9C3F-28F5-4E15-B6F4-5DBD268EBEDD}.Release|Any CPU.Build.0 = Release|Any CPU
		{FE657967-CBA2-4827-AB38-9C2DD303C597}.Debug|Any CPU.ActiveCfg = Debug|Any CPU
		{FE657967-CBA2-4827-AB38-9C2DD303C597}.Debug|Any CPU.Build.0 = Debug|Any CPU
		{FE657967-CBA2-4827-AB38-9C2DD303C597}.Release|Any CPU.ActiveCfg = Release|Any CPU
		{FE657967-CBA2-4827-AB38-9C2DD303C597}.Release|Any CPU.Build.0 = Release|Any CPU
	EndGlobalSection
	GlobalSection(SolutionProperties) = preSolution
		HideSolutionNode = FALSE
	EndGlobalSection
	GlobalSection(ExtensibilityGlobals) = postSolution
		SolutionGuid = {7E0C3686-EEFF-411C-BDAB-B1EECB58AACB}
	EndGlobalSection
EndGlobal
