
Microsoft Visual Studio Solution File, Format Version 12.00
# Visual Studio Version 16
VisualStudioVersion = 16.0.32002.261
MinimumVisualStudioVersion = 10.0.40219.1
Project("{9A19103F-16F7-4668-BE54-9A1E7A4F7556}") = "Museo", "Museo\Museo.csproj", "{C7DE9C3F-28F5-4E15-B6F4-5DBD268EBEDD}"
	ProjectSection(ProjectDependencies) = postProject
		{FE657967-CBA2-4827-AB38-9C2DD303C597} = {FE657967-CBA2-4827-AB38-9C2DD303C597}
	EndProjectSection
EndProject
Project("{9A19103F-16F7-4668-BE54-9A1E7A4F7556}") = "MuseoLibrary", "MuseoLibrary\MuseoLibrary.csproj", "{FE657967-CBA2-4827-AB38-9C2DD303C597}"
EndProject
Project("{54435603-DBB4-11D2-8724-00A0C9A8B90C}") = "MuseoSetup", "MuseoSetup\MuseoSetup.vdproj", "{D76C84BC-322E-4E0D-9CBD-C6FD7F89B844}"
EndProject
Global
	GlobalSection(SolutionConfigurationPlatforms) = preSolution
		Debug|Any CPU = Debug|Any CPU
		Release|Any CPU = Release|Any CPU
	EndGlobalSection
	GlobalSection(ProjectConfigurationPlatforms) = postSolution
		{C7DE9C3F-28F5-4E15-B6F4-5DBD268EBEDD}.Debug|Any CPU.ActiveCfg = Debug|Any CPU
		{C7DE9C3F-28F5-4E15-B6F4-5DBD268EBEDD}.Debug|Any CPU.Build.0 = Debug|Any CPU
		{C7DE9C3F-28F5-4E15-B6F4-5DBD268EBEDD}.Release|Any CPU.ActiveCfg = Release|Any CPU
		{C7DE9C3F-28F5-4E15-B6F4-5DBD268EBEDD}.Release|Any CPU.Build.0 = Release|Any CPU
		{FE657967-CBA2-4827-AB38-9C2DD303C597}.Debug|Any CPU.ActiveCfg = Debug|Any CPU
		{FE657967-CBA2-4827-AB38-9C2DD303C597}.Debug|Any CPU.Build.0 = Debug|Any CPU
		{FE657967-CBA2-4827-AB38-9C2DD303C597}.Release|Any CPU.ActiveCfg = Release|Any CPU
		{FE657967-CBA2-4827-AB38-9C2DD303C597}.Release|Any CPU.Build.0 = Release|Any CPU
		{D76C84BC-322E-4E0D-9CBD-C6FD7F89B844}.Debug|Any CPU.ActiveCfg = Debug
		{D76C84BC-322E-4E0D-9CBD-C6FD7F89B844}.Release|Any CPU.ActiveCfg = Release
	EndGlobalSection
	GlobalSection(SolutionProperties) = preSolution
		HideSolutionNode = FALSE
	EndGlobalSection
	GlobalSection(ExtensibilityGlobals) = postSolution
		SolutionGuid = {7E0C3686-EEFF-411C-BDAB-B1EECB58AACB}
	EndGlobalSection
EndGlobal
